Microsoft Visual Studio Solution File, Format Version 12.00
# Visual Studio Version 16
VisualStudioVersion = 16.0.30503.244
MinimumVisualStudioVersion = 10.0.40219.1
Project("{2150E333-8FDC-42A3-9474-1A3956D46DE8}") = "Assistant", "Assistant", "{5DC33E71-6BEB-41D2-BAB0-37B602F441D4}"
EndProject
Project("{2150E333-8FDC-42A3-9474-1A3956D46DE8}") = "Core", "Core", "{81CED3C5-FF70-40ED-B726-793748F9B7E9}"
EndProject
Project("{2150E333-8FDC-42A3-9474-1A3956D46DE8}") = "Infrastructure", "Infrastructure", "{9F1251C9-76DA-4D5D-BEFE-9A49F95D2FFE}"
EndProject
Project("{2150E333-8FDC-42A3-9474-1A3956D46DE8}") = "Docs", "Docs", "{46046AF2-0B90-4FF1-AE36-2811E1725C8A}"
	ProjectSection(SolutionItems) = preProject
		README.md = README.md
		LICENSE = LICENSE
	EndProjectSection
EndProject
Project("{2150E333-8FDC-42A3-9474-1A3956D46DE8}") = "Tests", "Tests", "{07CE6650-9A8E-4E81-8ADF-49929A212E90}"
EndProject
Project("{2150E333-8FDC-42A3-9474-1A3956D46DE8}") = "Assistant", "Assistant", "{01B2C6B4-FF7F-4BE9-BBB1-096B2A5768E5}"
EndProject
Project("{FAE04EC0-301F-11D3-BF4B-00C04F79EFBC}") = "Application", "Assistant\Application\Application.csproj", "{B6B20E5E-746F-4586-B807-945575E27D44}"
EndProject
Project("{FAE04EC0-301F-11D3-BF4B-00C04F79EFBC}") = "Facade", "Assistant\Facade\Facade.csproj", "{951AE6DD-9A86-40B2-BE58-B0AE1A1329B7}"
EndProject
Project("{FAE04EC0-301F-11D3-BF4B-00C04F79EFBC}") = "Messages", "Assistant\Messages\Messages.csproj", "{D72331C0-C3A4-4F88-AB9A-FAC1E986DCAD}"
EndProject
Project("{FAE04EC0-301F-11D3-BF4B-00C04F79EFBC}") = "Configuration", "Assistant\Configuration\Configuration.csproj", "{0947FA3A-6747-4063-8A14-A48C1E86507D}"
EndProject
Project("{FAE04EC0-301F-11D3-BF4B-00C04F79EFBC}") = "Commands", "Assistant\Commands\Commands.csproj", "{0C9E1901-5789-484A-A572-F6BAB7866B63}"
EndProject
Project("{FAE04EC0-301F-11D3-BF4B-00C04F79EFBC}") = "Tests.Messages", "Tests\Tests.Messages\Tests.Messages.csproj", "{0C2DFDCC-D406-41F3-BF4C-39FD7861074A}"
EndProject
Project("{FAE04EC0-301F-11D3-BF4B-00C04F79EFBC}") = "Tests.Commands", "Tests\Tests.Commands\Tests.Commands.csproj", "{8261BD9E-2460-4A5D-8008-6B82B9ED009D}"
EndProject
Project("{FAE04EC0-301F-11D3-BF4B-00C04F79EFBC}") = "Tests.Application", "Tests\Tests.Application\Tests.Application.csproj", "{E38EEB58-D0EE-4FBF-B102-B67DF1D56EE5}"
EndProject
Global
	GlobalSection(SolutionConfigurationPlatforms) = preSolution
		Debug|Any CPU = Debug|Any CPU
		Release|Any CPU = Release|Any CPU
	EndGlobalSection
	GlobalSection(ProjectConfigurationPlatforms) = postSolution
		{B6B20E5E-746F-4586-B807-945575E27D44}.Debug|Any CPU.ActiveCfg = Debug|Any CPU
		{B6B20E5E-746F-4586-B807-945575E27D44}.Debug|Any CPU.Build.0 = Debug|Any CPU
		{B6B20E5E-746F-4586-B807-945575E27D44}.Release|Any CPU.ActiveCfg = Release|Any CPU
		{B6B20E5E-746F-4586-B807-945575E27D44}.Release|Any CPU.Build.0 = Release|Any CPU
		{951AE6DD-9A86-40B2-BE58-B0AE1A1329B7}.Debug|Any CPU.ActiveCfg = Debug|Any CPU
		{951AE6DD-9A86-40B2-BE58-B0AE1A1329B7}.Debug|Any CPU.Build.0 = Debug|Any CPU
		{951AE6DD-9A86-40B2-BE58-B0AE1A1329B7}.Release|Any CPU.ActiveCfg = Release|Any CPU
		{951AE6DD-9A86-40B2-BE58-B0AE1A1329B7}.Release|Any CPU.Build.0 = Release|Any CPU
		{D72331C0-C3A4-4F88-AB9A-FAC1E986DCAD}.Debug|Any CPU.ActiveCfg = Debug|Any CPU
		{D72331C0-C3A4-4F88-AB9A-FAC1E986DCAD}.Debug|Any CPU.Build.0 = Debug|Any CPU
		{D72331C0-C3A4-4F88-AB9A-FAC1E986DCAD}.Release|Any CPU.ActiveCfg = Release|Any CPU
		{D72331C0-C3A4-4F88-AB9A-FAC1E986DCAD}.Release|Any CPU.Build.0 = Release|Any CPU
		{0947FA3A-6747-4063-8A14-A48C1E86507D}.Debug|Any CPU.ActiveCfg = Debug|Any CPU
		{0947FA3A-6747-4063-8A14-A48C1E86507D}.Debug|Any CPU.Build.0 = Debug|Any CPU
		{0947FA3A-6747-4063-8A14-A48C1E86507D}.Release|Any CPU.ActiveCfg = Release|Any CPU
		{0947FA3A-6747-4063-8A14-A48C1E86507D}.Release|Any CPU.Build.0 = Release|Any CPU
		{0C9E1901-5789-484A-A572-F6BAB7866B63}.Debug|Any CPU.ActiveCfg = Debug|Any CPU
		{0C9E1901-5789-484A-A572-F6BAB7866B63}.Debug|Any CPU.Build.0 = Debug|Any CPU
		{0C9E1901-5789-484A-A572-F6BAB7866B63}.Release|Any CPU.ActiveCfg = Release|Any CPU
		{0C9E1901-5789-484A-A572-F6BAB7866B63}.Release|Any CPU.Build.0 = Release|Any CPU
		{0C2DFDCC-D406-41F3-BF4C-39FD7861074A}.Debug|Any CPU.ActiveCfg = Debug|Any CPU
		{0C2DFDCC-D406-41F3-BF4C-39FD7861074A}.Debug|Any CPU.Build.0 = Debug|Any CPU
		{0C2DFDCC-D406-41F3-BF4C-39FD7861074A}.Release|Any CPU.ActiveCfg = Release|Any CPU
		{0C2DFDCC-D406-41F3-BF4C-39FD7861074A}.Release|Any CPU.Build.0 = Release|Any CPU
		{8261BD9E-2460-4A5D-8008-6B82B9ED009D}.Debug|Any CPU.ActiveCfg = Debug|Any CPU
		{8261BD9E-2460-4A5D-8008-6B82B9ED009D}.Debug|Any CPU.Build.0 = Debug|Any CPU
		{8261BD9E-2460-4A5D-8008-6B82B9ED009D}.Release|Any CPU.ActiveCfg = Release|Any CPU
		{8261BD9E-2460-4A5D-8008-6B82B9ED009D}.Release|Any CPU.Build.0 = Release|Any CPU
		{E38EEB58-D0EE-4FBF-B102-B67DF1D56EE5}.Debug|Any CPU.ActiveCfg = Debug|Any CPU
		{E38EEB58-D0EE-4FBF-B102-B67DF1D56EE5}.Debug|Any CPU.Build.0 = Debug|Any CPU
		{E38EEB58-D0EE-4FBF-B102-B67DF1D56EE5}.Release|Any CPU.ActiveCfg = Release|Any CPU
		{E38EEB58-D0EE-4FBF-B102-B67DF1D56EE5}.Release|Any CPU.Build.0 = Release|Any CPU
	EndGlobalSection
	GlobalSection(SolutionProperties) = preSolution
		HideSolutionNode = FALSE
	EndGlobalSection
	GlobalSection(NestedProjects) = preSolution
		{81CED3C5-FF70-40ED-B726-793748F9B7E9} = {5DC33E71-6BEB-41D2-BAB0-37B602F441D4}
		{9F1251C9-76DA-4D5D-BEFE-9A49F95D2FFE} = {5DC33E71-6BEB-41D2-BAB0-37B602F441D4}
		{01B2C6B4-FF7F-4BE9-BBB1-096B2A5768E5} = {07CE6650-9A8E-4E81-8ADF-49929A212E90}
		{B6B20E5E-746F-4586-B807-945575E27D44} = {81CED3C5-FF70-40ED-B726-793748F9B7E9}
		{951AE6DD-9A86-40B2-BE58-B0AE1A1329B7} = {81CED3C5-FF70-40ED-B726-793748F9B7E9}
		{D72331C0-C3A4-4F88-AB9A-FAC1E986DCAD} = {9F1251C9-76DA-4D5D-BEFE-9A49F95D2FFE}
		{0947FA3A-6747-4063-8A14-A48C1E86507D} = {9F1251C9-76DA-4D5D-BEFE-9A49F95D2FFE}
		{0C9E1901-5789-484A-A572-F6BAB7866B63} = {9F1251C9-76DA-4D5D-BEFE-9A49F95D2FFE}
		{0C2DFDCC-D406-41F3-BF4C-39FD7861074A} = {01B2C6B4-FF7F-4BE9-BBB1-096B2A5768E5}
		{8261BD9E-2460-4A5D-8008-6B82B9ED009D} = {01B2C6B4-FF7F-4BE9-BBB1-096B2A5768E5}
		{E38EEB58-D0EE-4FBF-B102-B67DF1D56EE5} = {01B2C6B4-FF7F-4BE9-BBB1-096B2A5768E5}
	EndGlobalSection
	GlobalSection(ExtensibilityGlobals) = postSolution
		SolutionGuid = {395B970F-7FBB-4BD5-8D2D-40A7C1E073DF}
	EndGlobalSection
	GlobalSection(MonoDevelopProperties) = preSolution
		version = 0.2.5
		Policies = $0
		$0.DotNetNamingPolicy = $1
		$1.DirectoryNamespaceAssociation = PrefixedHierarchical
	EndGlobalSection
EndGlobal
