Microsoft Visual Studio Solution File, Format Version 12.00
# Visual Studio Version 16
VisualStudioVersion = 16.0.30503.244
MinimumVisualStudioVersion = 10.0.40219.1
Project("{2150E333-8FDC-42A3-9474-1A3956D46DE8}") = "Assistant", "Assistant", "{5DC33E71-6BEB-41D2-BAB0-37B602F441D4}"
EndProject
Project("{2150E333-8FDC-42A3-9474-1A3956D46DE8}") = "1.Core", "1.Core", "{81CED3C5-FF70-40ED-B726-793748F9B7E9}"
EndProject
Project("{2150E333-8FDC-42A3-9474-1A3956D46DE8}") = "2.Infrastructure", "2.Infrastructure", "{9F1251C9-76DA-4D5D-BEFE-9A49F95D2FFE}"
EndProject
Project("{2150E333-8FDC-42A3-9474-1A3956D46DE8}") = "Docs", "Docs", "{46046AF2-0B90-4FF1-AE36-2811E1725C8A}"
	ProjectSection(SolutionItems) = preProject
		README.md = README.md
		LICENSE = LICENSE
	EndProjectSection
EndProject
Project("{2150E333-8FDC-42A3-9474-1A3956D46DE8}") = "Tests", "Tests", "{07CE6650-9A8E-4E81-8ADF-49929A212E90}"
EndProject
Project("{2150E333-8FDC-42A3-9474-1A3956D46DE8}") = "Assistant", "Assistant", "{01B2C6B4-FF7F-4BE9-BBB1-096B2A5768E5}"
EndProject
Project("{FAE04EC0-301F-11D3-BF4B-00C04F79EFBC}") = "Application", "Assistant\Application\Application.csproj", "{B6B20E5E-746F-4586-B807-945575E27D44}"
EndProject
Project("{FAE04EC0-301F-11D3-BF4B-00C04F79EFBC}") = "Facade", "Assistant\Facade\Facade.csproj", "{951AE6DD-9A86-40B2-BE58-B0AE1A1329B7}"
EndProject
Project("{FAE04EC0-301F-11D3-BF4B-00C04F79EFBC}") = "Tests.Application", "Tests\Tests.Application\Tests.Application.csproj", "{E38EEB58-D0EE-4FBF-B102-B67DF1D56EE5}"
EndProject
Project("{FAE04EC0-301F-11D3-BF4B-00C04F79EFBC}") = "Ferry", "Assistant\Ferry\Ferry.csproj", "{D48E0B87-BD12-441E-B977-BD9A18E150B2}"
EndProject
Project("{FAE04EC0-301F-11D3-BF4B-00C04F79EFBC}") = "Persistence", "Assistant\Persistence\Persistence.csproj", "{1402C88C-7619-43CD-8D0E-93FD04F950E9}"
EndProject
Project("{FAE04EC0-301F-11D3-BF4B-00C04F79EFBC}") = "Tools", "Assistant\Tools\Tools.csproj", "{8DC04464-513E-40A8-99ED-179461BE5955}"
EndProject
Project("{FAE04EC0-301F-11D3-BF4B-00C04F79EFBC}") = "Domain", "Assistant\Domain\Domain.csproj", "{B3C9CDFF-9A53-4EE4-9173-3D0F338518C0}"
EndProject
Project("{2150E333-8FDC-42A3-9474-1A3956D46DE8}") = "3.Auxiliary", "3.Auxiliary", "{B78BB9E6-7EAD-4254-9E03-75965ED63E61}"
EndProject
Project("{FAE04EC0-301F-11D3-BF4B-00C04F79EFBC}") = "Tests.Common", "Tests\Tests.Common\Tests.Common.csproj", "{2ACF6852-5BF3-4886-9F56-2F0EA3174FCF}"
EndProject
Global
	GlobalSection(SolutionConfigurationPlatforms) = preSolution
		Debug|Any CPU = Debug|Any CPU
		Release|Any CPU = Release|Any CPU
	EndGlobalSection
	GlobalSection(ProjectConfigurationPlatforms) = postSolution
		{B6B20E5E-746F-4586-B807-945575E27D44}.Debug|Any CPU.ActiveCfg = Debug|Any CPU
		{B6B20E5E-746F-4586-B807-945575E27D44}.Debug|Any CPU.Build.0 = Debug|Any CPU
		{B6B20E5E-746F-4586-B807-945575E27D44}.Release|Any CPU.ActiveCfg = Release|Any CPU
		{B6B20E5E-746F-4586-B807-945575E27D44}.Release|Any CPU.Build.0 = Release|Any CPU
		{951AE6DD-9A86-40B2-BE58-B0AE1A1329B7}.Debug|Any CPU.ActiveCfg = Debug|Any CPU
		{951AE6DD-9A86-40B2-BE58-B0AE1A1329B7}.Debug|Any CPU.Build.0 = Debug|Any CPU
		{951AE6DD-9A86-40B2-BE58-B0AE1A1329B7}.Release|Any CPU.ActiveCfg = Release|Any CPU
		{951AE6DD-9A86-40B2-BE58-B0AE1A1329B7}.Release|Any CPU.Build.0 = Release|Any CPU
		{E38EEB58-D0EE-4FBF-B102-B67DF1D56EE5}.Debug|Any CPU.ActiveCfg = Debug|Any CPU
		{E38EEB58-D0EE-4FBF-B102-B67DF1D56EE5}.Debug|Any CPU.Build.0 = Debug|Any CPU
		{E38EEB58-D0EE-4FBF-B102-B67DF1D56EE5}.Release|Any CPU.ActiveCfg = Release|Any CPU
		{E38EEB58-D0EE-4FBF-B102-B67DF1D56EE5}.Release|Any CPU.Build.0 = Release|Any CPU
		{D48E0B87-BD12-441E-B977-BD9A18E150B2}.Debug|Any CPU.ActiveCfg = Debug|Any CPU
		{D48E0B87-BD12-441E-B977-BD9A18E150B2}.Debug|Any CPU.Build.0 = Debug|Any CPU
		{D48E0B87-BD12-441E-B977-BD9A18E150B2}.Release|Any CPU.ActiveCfg = Release|Any CPU
		{D48E0B87-BD12-441E-B977-BD9A18E150B2}.Release|Any CPU.Build.0 = Release|Any CPU
		{1402C88C-7619-43CD-8D0E-93FD04F950E9}.Debug|Any CPU.ActiveCfg = Debug|Any CPU
		{1402C88C-7619-43CD-8D0E-93FD04F950E9}.Debug|Any CPU.Build.0 = Debug|Any CPU
		{1402C88C-7619-43CD-8D0E-93FD04F950E9}.Release|Any CPU.ActiveCfg = Release|Any CPU
		{1402C88C-7619-43CD-8D0E-93FD04F950E9}.Release|Any CPU.Build.0 = Release|Any CPU
		{8DC04464-513E-40A8-99ED-179461BE5955}.Debug|Any CPU.ActiveCfg = Debug|Any CPU
		{8DC04464-513E-40A8-99ED-179461BE5955}.Debug|Any CPU.Build.0 = Debug|Any CPU
		{8DC04464-513E-40A8-99ED-179461BE5955}.Release|Any CPU.ActiveCfg = Release|Any CPU
		{8DC04464-513E-40A8-99ED-179461BE5955}.Release|Any CPU.Build.0 = Release|Any CPU
		{B3C9CDFF-9A53-4EE4-9173-3D0F338518C0}.Debug|Any CPU.ActiveCfg = Debug|Any CPU
		{B3C9CDFF-9A53-4EE4-9173-3D0F338518C0}.Debug|Any CPU.Build.0 = Debug|Any CPU
		{B3C9CDFF-9A53-4EE4-9173-3D0F338518C0}.Release|Any CPU.ActiveCfg = Release|Any CPU
		{B3C9CDFF-9A53-4EE4-9173-3D0F338518C0}.Release|Any CPU.Build.0 = Release|Any CPU
		{2ACF6852-5BF3-4886-9F56-2F0EA3174FCF}.Debug|Any CPU.ActiveCfg = Debug|Any CPU
		{2ACF6852-5BF3-4886-9F56-2F0EA3174FCF}.Debug|Any CPU.Build.0 = Debug|Any CPU
		{2ACF6852-5BF3-4886-9F56-2F0EA3174FCF}.Release|Any CPU.ActiveCfg = Release|Any CPU
		{2ACF6852-5BF3-4886-9F56-2F0EA3174FCF}.Release|Any CPU.Build.0 = Release|Any CPU
	EndGlobalSection
	GlobalSection(SolutionProperties) = preSolution
		HideSolutionNode = FALSE
	EndGlobalSection
	GlobalSection(NestedProjects) = preSolution
		{81CED3C5-FF70-40ED-B726-793748F9B7E9} = {5DC33E71-6BEB-41D2-BAB0-37B602F441D4}
		{9F1251C9-76DA-4D5D-BEFE-9A49F95D2FFE} = {5DC33E71-6BEB-41D2-BAB0-37B602F441D4}
		{01B2C6B4-FF7F-4BE9-BBB1-096B2A5768E5} = {07CE6650-9A8E-4E81-8ADF-49929A212E90}
		{B6B20E5E-746F-4586-B807-945575E27D44} = {81CED3C5-FF70-40ED-B726-793748F9B7E9}
		{951AE6DD-9A86-40B2-BE58-B0AE1A1329B7} = {81CED3C5-FF70-40ED-B726-793748F9B7E9}
		{E38EEB58-D0EE-4FBF-B102-B67DF1D56EE5} = {01B2C6B4-FF7F-4BE9-BBB1-096B2A5768E5}
		{D48E0B87-BD12-441E-B977-BD9A18E150B2} = {9F1251C9-76DA-4D5D-BEFE-9A49F95D2FFE}
		{1402C88C-7619-43CD-8D0E-93FD04F950E9} = {9F1251C9-76DA-4D5D-BEFE-9A49F95D2FFE}
		{8DC04464-513E-40A8-99ED-179461BE5955} = {B78BB9E6-7EAD-4254-9E03-75965ED63E61}
		{B3C9CDFF-9A53-4EE4-9173-3D0F338518C0} = {81CED3C5-FF70-40ED-B726-793748F9B7E9}
		{B78BB9E6-7EAD-4254-9E03-75965ED63E61} = {5DC33E71-6BEB-41D2-BAB0-37B602F441D4}
		{2ACF6852-5BF3-4886-9F56-2F0EA3174FCF} = {01B2C6B4-FF7F-4BE9-BBB1-096B2A5768E5}
	EndGlobalSection
	GlobalSection(ExtensibilityGlobals) = postSolution
		SolutionGuid = {395B970F-7FBB-4BD5-8D2D-40A7C1E073DF}
	EndGlobalSection
	GlobalSection(MonoDevelopProperties) = preSolution
		version = 0.2.5
		Policies = $0
		$0.DotNetNamingPolicy = $1
		$1.DirectoryNamespaceAssociation = PrefixedHierarchical
	EndGlobalSection
EndGlobal
